
Microsoft Visual Studio Solution File, Format Version 12.00
# Visual Studio 15
VisualStudioVersion = 15.0.28306.52
MinimumVisualStudioVersion = 10.0.40219.1
Project("{F184B08F-C81C-45F6-A57F-5ABD9991F28F}") = "DesktopClock", "DesktopClock\DesktopClock.vbproj", "{FAB9BD09-AE12-4E1A-9762-726D80C30BA2}"
EndProject
Global
	GlobalSection(SolutionConfigurationPlatforms) = preSolution
		Debug|Any CPU = Debug|Any CPU
		Release|Any CPU = Release|Any CPU
	EndGlobalSection
	GlobalSection(ProjectConfigurationPlatforms) = postSolution
		{FAB9BD09-AE12-4E1A-9762-726D80C30BA2}.Debug|Any CPU.ActiveCfg = Debug|Any CPU
		{FAB9BD09-AE12-4E1A-9762-726D80C30BA2}.Debug|Any CPU.Build.0 = Debug|Any CPU
		{FAB9BD09-AE12-4E1A-9762-726D80C30BA2}.Release|Any CPU.ActiveCfg = Release|Any CPU
		{FAB9BD09-AE12-4E1A-9762-726D80C30BA2}.Release|Any CPU.Build.0 = Release|Any CPU
	EndGlobalSection
	GlobalSection(SolutionProperties) = preSolution
		HideSolutionNode = FALSE
	EndGlobalSection
	GlobalSection(ExtensibilityGlobals) = postSolution
		SolutionGuid = {AEF83D60-611D-49D1-A201-434FFCA259D9}
	EndGlobalSection
EndGlobal
